// !$*UTF8*$!
{
	archiveVersion = 1;
	classes = {
	};
	objectVersion = 55;
	objects = {

/* Begin PBXBuildFile section */
		3F5BF88C278EB4C10057BDA4 /* AppDelegate.swift in Sources */ = {isa = PBXBuildFile; fileRef = 3F5BF88B278EB4C10057BDA4 /* AppDelegate.swift */; };
		3F5BF88E278EB4C10057BDA4 /* SceneDelegate.swift in Sources */ = {isa = PBXBuildFile; fileRef = 3F5BF88D278EB4C10057BDA4 /* SceneDelegate.swift */; };
		3F5BF890278EB4C10057BDA4 /* ViewController.swift in Sources */ = {isa = PBXBuildFile; fileRef = 3F5BF88F278EB4C10057BDA4 /* ViewController.swift */; };
		3F5BF893278EB4C10057BDA4 /* Main.storyboard in Resources */ = {isa = PBXBuildFile; fileRef = 3F5BF891278EB4C10057BDA4 /* Main.storyboard */; };
		3F5BF895278EB4C20057BDA4 /* Assets.xcassets in Resources */ = {isa = PBXBuildFile; fileRef = 3F5BF894278EB4C20057BDA4 /* Assets.xcassets */; };
		3F5BF898278EB4C20057BDA4 /* LaunchScreen.storyboard in Resources */ = {isa = PBXBuildFile; fileRef = 3F5BF896278EB4C20057BDA4 /* LaunchScreen.storyboard */; };
		3F5BF89D278EB4C20057BDA4 /* yogaappp WatchKit App.app in Embed Watch Content */ = {isa = PBXBuildFile; fileRef = 3F5BF89C278EB4C20057BDA4 /* yogaappp WatchKit App.app */; settings = {ATTRIBUTES = (RemoveHeadersOnCopy, ); }; };
		3F5BF8A3278EB4C20057BDA4 /* Interface.storyboard in Resources */ = {isa = PBXBuildFile; fileRef = 3F5BF8A1278EB4C20057BDA4 /* Interface.storyboard */; };
		3F5BF8A5278EB4C30057BDA4 /* Assets.xcassets in Resources */ = {isa = PBXBuildFile; fileRef = 3F5BF8A4278EB4C30057BDA4 /* Assets.xcassets */; };
		3F5BF8AB278EB4C30057BDA4 /* yogaappp WatchKit Extension.appex in Embed App Extensions */ = {isa = PBXBuildFile; fileRef = 3F5BF8AA278EB4C30057BDA4 /* yogaappp WatchKit Extension.appex */; settings = {ATTRIBUTES = (RemoveHeadersOnCopy, ); }; };
		3F5BF8B0278EB4C30057BDA4 /* InterfaceController.swift in Sources */ = {isa = PBXBuildFile; fileRef = 3F5BF8AF278EB4C30057BDA4 /* InterfaceController.swift */; };
		3F5BF8B2278EB4C30057BDA4 /* ExtensionDelegate.swift in Sources */ = {isa = PBXBuildFile; fileRef = 3F5BF8B1278EB4C30057BDA4 /* ExtensionDelegate.swift */; };
		3F5BF8B4278EB4C30057BDA4 /* NotificationController.swift in Sources */ = {isa = PBXBuildFile; fileRef = 3F5BF8B3278EB4C30057BDA4 /* NotificationController.swift */; };
		3F5BF8B6278EB4C30057BDA4 /* ComplicationController.swift in Sources */ = {isa = PBXBuildFile; fileRef = 3F5BF8B5278EB4C30057BDA4 /* ComplicationController.swift */; };
		3F5BF8B8278EB4C40057BDA4 /* Assets.xcassets in Resources */ = {isa = PBXBuildFile; fileRef = 3F5BF8B7278EB4C40057BDA4 /* Assets.xcassets */; };
		3FF049A1279594A500174415 /* TableViewController.swift in Sources */ = {isa = PBXBuildFile; fileRef = 3FF049A0279594A500174415 /* TableViewController.swift */; };
		3FF049A3279598D200174415 /* TableViewCell.swift in Sources */ = {isa = PBXBuildFile; fileRef = 3FF049A2279598D200174415 /* TableViewCell.swift */; };
/* End PBXBuildFile section */

/* Begin PBXContainerItemProxy section */
		3F5BF89E278EB4C20057BDA4 /* PBXContainerItemProxy */ = {
			isa = PBXContainerItemProxy;
			containerPortal = 3F5BF880278EB4C10057BDA4 /* Project object */;
			proxyType = 1;
			remoteGlobalIDString = 3F5BF89B278EB4C20057BDA4;
			remoteInfo = "yogaappp WatchKit App";
		};
		3F5BF8AC278EB4C30057BDA4 /* PBXContainerItemProxy */ = {
			isa = PBXContainerItemProxy;
			containerPortal = 3F5BF880278EB4C10057BDA4 /* Project object */;
			proxyType = 1;
			remoteGlobalIDString = 3F5BF8A9278EB4C30057BDA4;
			remoteInfo = "yogaappp WatchKit Extension";
		};
/* End PBXContainerItemProxy section */

/* Begin PBXCopyFilesBuildPhase section */
		3F5BF8C0278EB4C40057BDA4 /* Embed App Extensions */ = {
			isa = PBXCopyFilesBuildPhase;
			buildActionMask = 2147483647;
			dstPath = "";
			dstSubfolderSpec = 13;
			files = (
				3F5BF8AB278EB4C30057BDA4 /* yogaappp WatchKit Extension.appex in Embed App Extensions */,
			);
			name = "Embed App Extensions";
			runOnlyForDeploymentPostprocessing = 0;
		};
		3F5BF8C4278EB4C40057BDA4 /* Embed Watch Content */ = {
			isa = PBXCopyFilesBuildPhase;
			buildActionMask = 2147483647;
			dstPath = "$(CONTENTS_FOLDER_PATH)/Watch";
			dstSubfolderSpec = 16;
			files = (
				3F5BF89D278EB4C20057BDA4 /* yogaappp WatchKit App.app in Embed Watch Content */,
			);
			name = "Embed Watch Content";
			runOnlyForDeploymentPostprocessing = 0;
		};
/* End PBXCopyFilesBuildPhase section */

/* Begin PBXFileReference section */
		3F5BF888278EB4C10057BDA4 /* yogaappp.app */ = {isa = PBXFileReference; explicitFileType = wrapper.application; includeInIndex = 0; path = yogaappp.app; sourceTree = BUILT_PRODUCTS_DIR; };
		3F5BF88B278EB4C10057BDA4 /* AppDelegate.swift */ = {isa = PBXFileReference; lastKnownFileType = sourcecode.swift; path = AppDelegate.swift; sourceTree = "<group>"; };
		3F5BF88D278EB4C10057BDA4 /* SceneDelegate.swift */ = {isa = PBXFileReference; lastKnownFileType = sourcecode.swift; path = SceneDelegate.swift; sourceTree = "<group>"; };
		3F5BF88F278EB4C10057BDA4 /* ViewController.swift */ = {isa = PBXFileReference; lastKnownFileType = sourcecode.swift; path = ViewController.swift; sourceTree = "<group>"; };
		3F5BF892278EB4C10057BDA4 /* Base */ = {isa = PBXFileReference; lastKnownFileType = file.storyboard; name = Base; path = Base.lproj/Main.storyboard; sourceTree = "<group>"; };
		3F5BF894278EB4C20057BDA4 /* Assets.xcassets */ = {isa = PBXFileReference; lastKnownFileType = folder.assetcatalog; path = Assets.xcassets; sourceTree = "<group>"; };
		3F5BF897278EB4C20057BDA4 /* Base */ = {isa = PBXFileReference; lastKnownFileType = file.storyboard; name = Base; path = Base.lproj/LaunchScreen.storyboard; sourceTree = "<group>"; };
		3F5BF899278EB4C20057BDA4 /* Info.plist */ = {isa = PBXFileReference; lastKnownFileType = text.plist.xml; path = Info.plist; sourceTree = "<group>"; };
		3F5BF89C278EB4C20057BDA4 /* yogaappp WatchKit App.app */ = {isa = PBXFileReference; explicitFileType = wrapper.application; includeInIndex = 0; path = "yogaappp WatchKit App.app"; sourceTree = BUILT_PRODUCTS_DIR; };
		3F5BF8A2278EB4C20057BDA4 /* Base */ = {isa = PBXFileReference; lastKnownFileType = file.storyboard; name = Base; path = Base.lproj/Interface.storyboard; sourceTree = "<group>"; };
		3F5BF8A4278EB4C30057BDA4 /* Assets.xcassets */ = {isa = PBXFileReference; lastKnownFileType = folder.assetcatalog; path = Assets.xcassets; sourceTree = "<group>"; };
		3F5BF8AA278EB4C30057BDA4 /* yogaappp WatchKit Extension.appex */ = {isa = PBXFileReference; explicitFileType = "wrapper.app-extension"; includeInIndex = 0; path = "yogaappp WatchKit Extension.appex"; sourceTree = BUILT_PRODUCTS_DIR; };
		3F5BF8AF278EB4C30057BDA4 /* InterfaceController.swift */ = {isa = PBXFileReference; lastKnownFileType = sourcecode.swift; path = InterfaceController.swift; sourceTree = "<group>"; };
		3F5BF8B1278EB4C30057BDA4 /* ExtensionDelegate.swift */ = {isa = PBXFileReference; lastKnownFileType = sourcecode.swift; path = ExtensionDelegate.swift; sourceTree = "<group>"; };
		3F5BF8B3278EB4C30057BDA4 /* NotificationController.swift */ = {isa = PBXFileReference; lastKnownFileType = sourcecode.swift; path = NotificationController.swift; sourceTree = "<group>"; };
		3F5BF8B5278EB4C30057BDA4 /* ComplicationController.swift */ = {isa = PBXFileReference; lastKnownFileType = sourcecode.swift; path = ComplicationController.swift; sourceTree = "<group>"; };
		3F5BF8B7278EB4C40057BDA4 /* Assets.xcassets */ = {isa = PBXFileReference; lastKnownFileType = folder.assetcatalog; path = Assets.xcassets; sourceTree = "<group>"; };
		3F5BF8B9278EB4C40057BDA4 /* Info.plist */ = {isa = PBXFileReference; lastKnownFileType = text.plist.xml; path = Info.plist; sourceTree = "<group>"; };
		3F5BF8BA278EB4C40057BDA4 /* PushNotificationPayload.apns */ = {isa = PBXFileReference; lastKnownFileType = text; path = PushNotificationPayload.apns; sourceTree = "<group>"; };
		3FF049A0279594A500174415 /* TableViewController.swift */ = {isa = PBXFileReference; lastKnownFileType = sourcecode.swift; path = TableViewController.swift; sourceTree = "<group>"; };
		3FF049A2279598D200174415 /* TableViewCell.swift */ = {isa = PBXFileReference; lastKnownFileType = sourcecode.swift; path = TableViewCell.swift; sourceTree = "<group>"; };
/* End PBXFileReference section */

/* Begin PBXFrameworksBuildPhase section */
		3F5BF885278EB4C10057BDA4 /* Frameworks */ = {
			isa = PBXFrameworksBuildPhase;
			buildActionMask = 2147483647;
			files = (
			);
			runOnlyForDeploymentPostprocessing = 0;
		};
		3F5BF8A7278EB4C30057BDA4 /* Frameworks */ = {
			isa = PBXFrameworksBuildPhase;
			buildActionMask = 2147483647;
			files = (
			);
			runOnlyForDeploymentPostprocessing = 0;
		};
/* End PBXFrameworksBuildPhase section */

/* Begin PBXGroup section */
		3F5BF87F278EB4C10057BDA4 = {
			isa = PBXGroup;
			children = (
				3F5BF88A278EB4C10057BDA4 /* yogaappp */,
				3F5BF8A0278EB4C20057BDA4 /* yogaappp WatchKit App */,
				3F5BF8AE278EB4C30057BDA4 /* yogaappp WatchKit Extension */,
				3F5BF889278EB4C10057BDA4 /* Products */,
			);
			sourceTree = "<group>";
		};
		3F5BF889278EB4C10057BDA4 /* Products */ = {
			isa = PBXGroup;
			children = (
				3F5BF888278EB4C10057BDA4 /* yogaappp.app */,
				3F5BF89C278EB4C20057BDA4 /* yogaappp WatchKit App.app */,
				3F5BF8AA278EB4C30057BDA4 /* yogaappp WatchKit Extension.appex */,
			);
			name = Products;
			sourceTree = "<group>";
		};
		3F5BF88A278EB4C10057BDA4 /* yogaappp */ = {
			isa = PBXGroup;
			children = (
				3F5BF88B278EB4C10057BDA4 /* AppDelegate.swift */,
				3F5BF88D278EB4C10057BDA4 /* SceneDelegate.swift */,
				3F5BF88F278EB4C10057BDA4 /* ViewController.swift */,
				3F5BF891278EB4C10057BDA4 /* Main.storyboard */,
				3FF049A0279594A500174415 /* TableViewController.swift */,
				3FF049A2279598D200174415 /* TableViewCell.swift */,
				3F5BF894278EB4C20057BDA4 /* Assets.xcassets */,
				3F5BF896278EB4C20057BDA4 /* LaunchScreen.storyboard */,
				3F5BF899278EB4C20057BDA4 /* Info.plist */,
			);
			path = yogaappp;
			sourceTree = "<group>";
		};
		3F5BF8A0278EB4C20057BDA4 /* yogaappp WatchKit App */ = {
			isa = PBXGroup;
			children = (
				3F5BF8A1278EB4C20057BDA4 /* Interface.storyboard */,
				3F5BF8A4278EB4C30057BDA4 /* Assets.xcassets */,
			);
			path = "yogaappp WatchKit App";
			sourceTree = "<group>";
		};
		3F5BF8AE278EB4C30057BDA4 /* yogaappp WatchKit Extension */ = {
			isa = PBXGroup;
			children = (
				3F5BF8AF278EB4C30057BDA4 /* InterfaceController.swift */,
				3F5BF8B1278EB4C30057BDA4 /* ExtensionDelegate.swift */,
				3F5BF8B3278EB4C30057BDA4 /* NotificationController.swift */,
				3F5BF8B5278EB4C30057BDA4 /* ComplicationController.swift */,
				3F5BF8B7278EB4C40057BDA4 /* Assets.xcassets */,
				3F5BF8B9278EB4C40057BDA4 /* Info.plist */,
				3F5BF8BA278EB4C40057BDA4 /* PushNotificationPayload.apns */,
			);
			path = "yogaappp WatchKit Extension";
			sourceTree = "<group>";
		};
/* End PBXGroup section */

/* Begin PBXNativeTarget section */
		3F5BF887278EB4C10057BDA4 /* yogaappp */ = {
			isa = PBXNativeTarget;
			buildConfigurationList = 3F5BF8C5278EB4C40057BDA4 /* Build configuration list for PBXNativeTarget "yogaappp" */;
			buildPhases = (
				3F5BF884278EB4C10057BDA4 /* Sources */,
				3F5BF885278EB4C10057BDA4 /* Frameworks */,
				3F5BF886278EB4C10057BDA4 /* Resources */,
				3F5BF8C4278EB4C40057BDA4 /* Embed Watch Content */,
			);
			buildRules = (
			);
			dependencies = (
				3F5BF89F278EB4C20057BDA4 /* PBXTargetDependency */,
			);
			name = yogaappp;
			productName = yogaappp;
			productReference = 3F5BF888278EB4C10057BDA4 /* yogaappp.app */;
			productType = "com.apple.product-type.application";
		};
		3F5BF89B278EB4C20057BDA4 /* yogaappp WatchKit App */ = {
			isa = PBXNativeTarget;
			buildConfigurationList = 3F5BF8C1278EB4C40057BDA4 /* Build configuration list for PBXNativeTarget "yogaappp WatchKit App" */;
			buildPhases = (
				3F5BF89A278EB4C20057BDA4 /* Resources */,
				3F5BF8C0278EB4C40057BDA4 /* Embed App Extensions */,
			);
			buildRules = (
			);
			dependencies = (
				3F5BF8AD278EB4C30057BDA4 /* PBXTargetDependency */,
			);
			name = "yogaappp WatchKit App";
			productName = "yogaappp WatchKit App";
			productReference = 3F5BF89C278EB4C20057BDA4 /* yogaappp WatchKit App.app */;
			productType = "com.apple.product-type.application.watchapp2";
		};
		3F5BF8A9278EB4C30057BDA4 /* yogaappp WatchKit Extension */ = {
			isa = PBXNativeTarget;
			buildConfigurationList = 3F5BF8BD278EB4C40057BDA4 /* Build configuration list for PBXNativeTarget "yogaappp WatchKit Extension" */;
			buildPhases = (
				3F5BF8A6278EB4C30057BDA4 /* Sources */,
				3F5BF8A7278EB4C30057BDA4 /* Frameworks */,
				3F5BF8A8278EB4C30057BDA4 /* Resources */,
			);
			buildRules = (
			);
			dependencies = (
			);
			name = "yogaappp WatchKit Extension";
			productName = "yogaappp WatchKit Extension";
			productReference = 3F5BF8AA278EB4C30057BDA4 /* yogaappp WatchKit Extension.appex */;
			productType = "com.apple.product-type.watchkit2-extension";
		};
/* End PBXNativeTarget section */

/* Begin PBXProject section */
		3F5BF880278EB4C10057BDA4 /* Project object */ = {
			isa = PBXProject;
			attributes = {
				BuildIndependentTargetsInParallel = 1;
				LastSwiftUpdateCheck = 1310;
				LastUpgradeCheck = 1310;
				TargetAttributes = {
					3F5BF887278EB4C10057BDA4 = {
						CreatedOnToolsVersion = 13.1;
					};
					3F5BF89B278EB4C20057BDA4 = {
						CreatedOnToolsVersion = 13.1;
					};
					3F5BF8A9278EB4C30057BDA4 = {
						CreatedOnToolsVersion = 13.1;
					};
				};
			};
			buildConfigurationList = 3F5BF883278EB4C10057BDA4 /* Build configuration list for PBXProject "yogaappp" */;
			compatibilityVersion = "Xcode 13.0";
			developmentRegion = en;
			hasScannedForEncodings = 0;
			knownRegions = (
				en,
				Base,
			);
			mainGroup = 3F5BF87F278EB4C10057BDA4;
			productRefGroup = 3F5BF889278EB4C10057BDA4 /* Products */;
			projectDirPath = "";
			projectRoot = "";
			targets = (
				3F5BF887278EB4C10057BDA4 /* yogaappp */,
				3F5BF89B278EB4C20057BDA4 /* yogaappp WatchKit App */,
				3F5BF8A9278EB4C30057BDA4 /* yogaappp WatchKit Extension */,
			);
		};
/* End PBXProject section */

/* Begin PBXResourcesBuildPhase section */
		3F5BF886278EB4C10057BDA4 /* Resources */ = {
			isa = PBXResourcesBuildPhase;
			buildActionMask = 2147483647;
			files = (
				3F5BF898278EB4C20057BDA4 /* LaunchScreen.storyboard in Resources */,
				3F5BF895278EB4C20057BDA4 /* Assets.xcassets in Resources */,
				3F5BF893278EB4C10057BDA4 /* Main.storyboard in Resources */,
			);
			runOnlyForDeploymentPostprocessing = 0;
		};
		3F5BF89A278EB4C20057BDA4 /* Resources */ = {
			isa = PBXResourcesBuildPhase;
			buildActionMask = 2147483647;
			files = (
				3F5BF8A5278EB4C30057BDA4 /* Assets.xcassets in Resources */,
				3F5BF8A3278EB4C20057BDA4 /* Interface.storyboard in Resources */,
			);
			runOnlyForDeploymentPostprocessing = 0;
		};
		3F5BF8A8278EB4C30057BDA4 /* Resources */ = {
			isa = PBXResourcesBuildPhase;
			buildActionMask = 2147483647;
			files = (
				3F5BF8B8278EB4C40057BDA4 /* Assets.xcassets in Resources */,
			);
			runOnlyForDeploymentPostprocessing = 0;
		};
/* End PBXResourcesBuildPhase section */

/* Begin PBXSourcesBuildPhase section */
		3F5BF884278EB4C10057BDA4 /* Sources */ = {
			isa = PBXSourcesBuildPhase;
			buildActionMask = 2147483647;
			files = (
				3FF049A3279598D200174415 /* TableViewCell.swift in Sources */,
				3F5BF890278EB4C10057BDA4 /* ViewController.swift in Sources */,
				3F5BF88C278EB4C10057BDA4 /* AppDelegate.swift in Sources */,
				3F5BF88E278EB4C10057BDA4 /* SceneDelegate.swift in Sources */,
				3FF049A1279594A500174415 /* TableViewController.swift in Sources */,
			);
			runOnlyForDeploymentPostprocessing = 0;
		};
		3F5BF8A6278EB4C30057BDA4 /* Sources */ = {
			isa = PBXSourcesBuildPhase;
			buildActionMask = 2147483647;
			files = (
				3F5BF8B4278EB4C30057BDA4 /* NotificationController.swift in Sources */,
				3F5BF8B6278EB4C30057BDA4 /* ComplicationController.swift in Sources */,
				3F5BF8B2278EB4C30057BDA4 /* ExtensionDelegate.swift in Sources */,
				3F5BF8B0278EB4C30057BDA4 /* InterfaceController.swift in Sources */,
			);
			runOnlyForDeploymentPostprocessing = 0;
		};
/* End PBXSourcesBuildPhase section */

/* Begin PBXTargetDependency section */
		3F5BF89F278EB4C20057BDA4 /* PBXTargetDependency */ = {
			isa = PBXTargetDependency;
			target = 3F5BF89B278EB4C20057BDA4 /* yogaappp WatchKit App */;
			targetProxy = 3F5BF89E278EB4C20057BDA4 /* PBXContainerItemProxy */;
		};
		3F5BF8AD278EB4C30057BDA4 /* PBXTargetDependency */ = {
			isa = PBXTargetDependency;
			target = 3F5BF8A9278EB4C30057BDA4 /* yogaappp WatchKit Extension */;
			targetProxy = 3F5BF8AC278EB4C30057BDA4 /* PBXContainerItemProxy */;
		};
/* End PBXTargetDependency section */

/* Begin PBXVariantGroup section */
		3F5BF891278EB4C10057BDA4 /* Main.storyboard */ = {
			isa = PBXVariantGroup;
			children = (
				3F5BF892278EB4C10057BDA4 /* Base */,
			);
			name = Main.storyboard;
			sourceTree = "<group>";
		};
		3F5BF896278EB4C20057BDA4 /* LaunchScreen.storyboard */ = {
			isa = PBXVariantGroup;
			children = (
				3F5BF897278EB4C20057BDA4 /* Base */,
			);
			name = LaunchScreen.storyboard;
			sourceTree = "<group>";
		};
		3F5BF8A1278EB4C20057BDA4 /* Interface.storyboard */ = {
			isa = PBXVariantGroup;
			children = (
				3F5BF8A2278EB4C20057BDA4 /* Base */,
			);
			name = Interface.storyboard;
			sourceTree = "<group>";
		};
/* End PBXVariantGroup section */

/* Begin XCBuildConfiguration section */
		3F5BF8BB278EB4C40057BDA4 /* Debug */ = {
			isa = XCBuildConfiguration;
			buildSettings = {
				ALWAYS_SEARCH_USER_PATHS = NO;
				CLANG_ANALYZER_NONNULL = YES;
				CLANG_ANALYZER_NUMBER_OBJECT_CONVERSION = YES_AGGRESSIVE;
				CLANG_CXX_LANGUAGE_STANDARD = "gnu++17";
				CLANG_CXX_LIBRARY = "libc++";
				CLANG_ENABLE_MODULES = YES;
				CLANG_ENABLE_OBJC_ARC = YES;
				CLANG_ENABLE_OBJC_WEAK = YES;
				CLANG_WARN_BLOCK_CAPTURE_AUTORELEASING = YES;
				CLANG_WARN_BOOL_CONVERSION = YES;
				CLANG_WARN_COMMA = YES;
				CLANG_WARN_CONSTANT_CONVERSION = YES;
				CLANG_WARN_DEPRECATED_OBJC_IMPLEMENTATIONS = YES;
				CLANG_WARN_DIRECT_OBJC_ISA_USAGE = YES_ERROR;
				CLANG_WARN_DOCUMENTATION_COMMENTS = YES;
				CLANG_WARN_EMPTY_BODY = YES;
				CLANG_WARN_ENUM_CONVERSION = YES;
				CLANG_WARN_INFINITE_RECURSION = YES;
				CLANG_WARN_INT_CONVERSION = YES;
				CLANG_WARN_NON_LITERAL_NULL_CONVERSION = YES;
				CLANG_WARN_OBJC_IMPLICIT_RETAIN_SELF = YES;
				CLANG_WARN_OBJC_LITERAL_CONVERSION = YES;
				CLANG_WARN_OBJC_ROOT_CLASS = YES_ERROR;
				CLANG_WARN_QUOTED_INCLUDE_IN_FRAMEWORK_HEADER = YES;
				CLANG_WARN_RANGE_LOOP_ANALYSIS = YES;
				CLANG_WARN_STRICT_PROTOTYPES = YES;
				CLANG_WARN_SUSPICIOUS_MOVE = YES;
				CLANG_WARN_UNGUARDED_AVAILABILITY = YES_AGGRESSIVE;
				CLANG_WARN_UNREACHABLE_CODE = YES;
				CLANG_WARN__DUPLICATE_METHOD_MATCH = YES;
				COPY_PHASE_STRIP = NO;
				DEBUG_INFORMATION_FORMAT = dwarf;
				ENABLE_STRICT_OBJC_MSGSEND = YES;
				ENABLE_TESTABILITY = YES;
				GCC_C_LANGUAGE_STANDARD = gnu11;
				GCC_DYNAMIC_NO_PIC = NO;
				GCC_NO_COMMON_BLOCKS = YES;
				GCC_OPTIMIZATION_LEVEL = 0;
				GCC_PREPROCESSOR_DEFINITIONS = (
					"DEBUG=1",
					"$(inherited)",
				);
				GCC_WARN_64_TO_32_BIT_CONVERSION = YES;
				GCC_WARN_ABOUT_RETURN_TYPE = YES_ERROR;
				GCC_WARN_UNDECLARED_SELECTOR = YES;
				GCC_WARN_UNINITIALIZED_AUTOS = YES_AGGRESSIVE;
				GCC_WARN_UNUSED_FUNCTION = YES;
				GCC_WARN_UNUSED_VARIABLE = YES;
				MTL_ENABLE_DEBUG_INFO = INCLUDE_SOURCE;
				MTL_FAST_MATH = YES;
				ONLY_ACTIVE_ARCH = YES;
				SWIFT_ACTIVE_COMPILATION_CONDITIONS = DEBUG;
				SWIFT_OPTIMIZATION_LEVEL = "-Onone";
			};
			name = Debug;
		};
		3F5BF8BC278EB4C40057BDA4 /* Release */ = {
			isa = XCBuildConfiguration;
			buildSettings = {
				ALWAYS_SEARCH_USER_PATHS = NO;
				CLANG_ANALYZER_NONNULL = YES;
				CLANG_ANALYZER_NUMBER_OBJECT_CONVERSION = YES_AGGRESSIVE;
				CLANG_CXX_LANGUAGE_STANDARD = "gnu++17";
				CLANG_CXX_LIBRARY = "libc++";
				CLANG_ENABLE_MODULES = YES;
				CLANG_ENABLE_OBJC_ARC = YES;
				CLANG_ENABLE_OBJC_WEAK = YES;
				CLANG_WARN_BLOCK_CAPTURE_AUTORELEASING = YES;
				CLANG_WARN_BOOL_CONVERSION = YES;
				CLANG_WARN_COMMA = YES;
				CLANG_WARN_CONSTANT_CONVERSION = YES;
				CLANG_WARN_DEPRECATED_OBJC_IMPLEMENTATIONS = YES;
				CLANG_WARN_DIRECT_OBJC_ISA_USAGE = YES_ERROR;
				CLANG_WARN_DOCUMENTATION_COMMENTS = YES;
				CLANG_WARN_EMPTY_BODY = YES;
				CLANG_WARN_ENUM_CONVERSION = YES;
				CLANG_WARN_INFINITE_RECURSION = YES;
				CLANG_WARN_INT_CONVERSION = YES;
				CLANG_WARN_NON_LITERAL_NULL_CONVERSION = YES;
				CLANG_WARN_OBJC_IMPLICIT_RETAIN_SELF = YES;
				CLANG_WARN_OBJC_LITERAL_CONVERSION = YES;
				CLANG_WARN_OBJC_ROOT_CLASS = YES_ERROR;
				CLANG_WARN_QUOTED_INCLUDE_IN_FRAMEWORK_HEADER = YES;
				CLANG_WARN_RANGE_LOOP_ANALYSIS = YES;
				CLANG_WARN_STRICT_PROTOTYPES = YES;
				CLANG_WARN_SUSPICIOUS_MOVE = YES;
				CLANG_WARN_UNGUARDED_AVAILABILITY = YES_AGGRESSIVE;
				CLANG_WARN_UNREACHABLE_CODE = YES;
				CLANG_WARN__DUPLICATE_METHOD_MATCH = YES;
				COPY_PHASE_STRIP = NO;
				DEBUG_INFORMATION_FORMAT = "dwarf-with-dsym";
				ENABLE_NS_ASSERTIONS = NO;
				ENABLE_STRICT_OBJC_MSGSEND = YES;
				GCC_C_LANGUAGE_STANDARD = gnu11;
				GCC_NO_COMMON_BLOCKS = YES;
				GCC_WARN_64_TO_32_BIT_CONVERSION = YES;
				GCC_WARN_ABOUT_RETURN_TYPE = YES_ERROR;
				GCC_WARN_UNDECLARED_SELECTOR = YES;
				GCC_WARN_UNINITIALIZED_AUTOS = YES_AGGRESSIVE;
				GCC_WARN_UNUSED_FUNCTION = YES;
				GCC_WARN_UNUSED_VARIABLE = YES;
				MTL_ENABLE_DEBUG_INFO = NO;
				MTL_FAST_MATH = YES;
				SWIFT_COMPILATION_MODE = wholemodule;
				SWIFT_OPTIMIZATION_LEVEL = "-O";
			};
			name = Release;
		};
		3F5BF8BE278EB4C40057BDA4 /* Debug */ = {
			isa = XCBuildConfiguration;
			buildSettings = {
				ASSETCATALOG_COMPILER_COMPLICATION_NAME = Complication;
				CODE_SIGN_STYLE = Automatic;
				CURRENT_PROJECT_VERSION = 1;
				GENERATE_INFOPLIST_FILE = YES;
				INFOPLIST_FILE = "yogaappp WatchKit Extension/Info.plist";
				INFOPLIST_KEY_CFBundleDisplayName = "yogaappp WatchKit Extension";
				INFOPLIST_KEY_CLKComplicationPrincipalClass = "$(PRODUCT_MODULE_NAME).ComplicationController";
				INFOPLIST_KEY_NSHumanReadableCopyright = "";
				INFOPLIST_KEY_WKExtensionDelegateClassName = "$(PRODUCT_MODULE_NAME).ExtensionDelegate";
				INFOPLIST_KEY_WKRunsIndependentlyOfCompanionApp = YES;
				LD_RUNPATH_SEARCH_PATHS = (
					"$(inherited)",
					"@executable_path/Frameworks",
					"@executable_path/../../Frameworks",
				);
				MARKETING_VERSION = 1.0;
				PRODUCT_BUNDLE_IDENTIFIER = kp11.yogaappp.watchkitapp.watchkitextension;
				PRODUCT_NAME = "${TARGET_NAME}";
				SDKROOT = watchos;
				SKIP_INSTALL = YES;
				SWIFT_EMIT_LOC_STRINGS = YES;
				SWIFT_VERSION = 5.0;
				TARGETED_DEVICE_FAMILY = 4;
				WATCHOS_DEPLOYMENT_TARGET = 8.0;
			};
			name = Debug;
		};
		3F5BF8BF278EB4C40057BDA4 /* Release */ = {
			isa = XCBuildConfiguration;
			buildSettings = {
				ASSETCATALOG_COMPILER_COMPLICATION_NAME = Complication;
				CODE_SIGN_STYLE = Automatic;
				CURRENT_PROJECT_VERSION = 1;
				GENERATE_INFOPLIST_FILE = YES;
				INFOPLIST_FILE = "yogaappp WatchKit Extension/Info.plist";
				INFOPLIST_KEY_CFBundleDisplayName = "yogaappp WatchKit Extension";
				INFOPLIST_KEY_CLKComplicationPrincipalClass = "$(PRODUCT_MODULE_NAME).ComplicationController";
				INFOPLIST_KEY_NSHumanReadableCopyright = "";
				INFOPLIST_KEY_WKExtensionDelegateClassName = "$(PRODUCT_MODULE_NAME).ExtensionDelegate";
				INFOPLIST_KEY_WKRunsIndependentlyOfCompanionApp = YES;
				LD_RUNPATH_SEARCH_PATHS = (
					"$(inherited)",
					"@executable_path/Frameworks",
					"@executable_path/../../Frameworks",
				);
				MARKETING_VERSION = 1.0;
				PRODUCT_BUNDLE_IDENTIFIER = kp11.yogaappp.watchkitapp.watchkitextension;
				PRODUCT_NAME = "${TARGET_NAME}";
				SDKROOT = watchos;
				SKIP_INSTALL = YES;
				SWIFT_EMIT_LOC_STRINGS = YES;
				SWIFT_VERSION = 5.0;
				TARGETED_DEVICE_FAMILY = 4;
				VALIDATE_PRODUCT = YES;
				WATCHOS_DEPLOYMENT_TARGET = 8.0;
			};
			name = Release;
		};
		3F5BF8C2278EB4C40057BDA4 /* Debug */ = {
			isa = XCBuildConfiguration;
			buildSettings = {
				ALWAYS_EMBED_SWIFT_STANDARD_LIBRARIES = YES;
				ASSETCATALOG_COMPILER_APPICON_NAME = AppIcon;
				ASSETCATALOG_COMPILER_GLOBAL_ACCENT_COLOR_NAME = AccentColor;
				CODE_SIGN_STYLE = Automatic;
				CURRENT_PROJECT_VERSION = 1;
				GENERATE_INFOPLIST_FILE = YES;
				IBSC_MODULE = yogaappp_WatchKit_Extension;
				INFOPLIST_KEY_CFBundleDisplayName = "yogaappp WatchKit App";
				INFOPLIST_KEY_UISupportedInterfaceOrientations = "UIInterfaceOrientationPortrait UIInterfaceOrientationPortraitUpsideDown";
				INFOPLIST_KEY_WKCompanionAppBundleIdentifier = kp11.yogaappp;
				MARKETING_VERSION = 1.0;
				PRODUCT_BUNDLE_IDENTIFIER = kp11.yogaappp.watchkitapp;
				PRODUCT_NAME = "$(TARGET_NAME)";
				SDKROOT = watchos;
				SKIP_INSTALL = YES;
				SWIFT_EMIT_LOC_STRINGS = YES;
				SWIFT_VERSION = 5.0;
				TARGETED_DEVICE_FAMILY = 4;
				WATCHOS_DEPLOYMENT_TARGET = 8.0;
			};
			name = Debug;
		};
		3F5BF8C3278EB4C40057BDA4 /* Release */ = {
			isa = XCBuildConfiguration;
			buildSettings = {
				ALWAYS_EMBED_SWIFT_STANDARD_LIBRARIES = YES;
				ASSETCATALOG_COMPILER_APPICON_NAME = AppIcon;
				ASSETCATALOG_COMPILER_GLOBAL_ACCENT_COLOR_NAME = AccentColor;
				CODE_SIGN_STYLE = Automatic;
				CURRENT_PROJECT_VERSION = 1;
				GENERATE_INFOPLIST_FILE = YES;
				IBSC_MODULE = yogaappp_WatchKit_Extension;
				INFOPLIST_KEY_CFBundleDisplayName = "yogaappp WatchKit App";
				INFOPLIST_KEY_UISupportedInterfaceOrientations = "UIInterfaceOrientationPortrait UIInterfaceOrientationPortraitUpsideDown";
				INFOPLIST_KEY_WKCompanionAppBundleIdentifier = kp11.yogaappp;
				MARKETING_VERSION = 1.0;
				PRODUCT_BUNDLE_IDENTIFIER = kp11.yogaappp.watchkitapp;
				PRODUCT_NAME = "$(TARGET_NAME)";
				SDKROOT = watchos;
				SKIP_INSTALL = YES;
				SWIFT_EMIT_LOC_STRINGS = YES;
				SWIFT_VERSION = 5.0;
				TARGETED_DEVICE_FAMILY = 4;
				VALIDATE_PRODUCT = YES;
				WATCHOS_DEPLOYMENT_TARGET = 8.0;
			};
			name = Release;
		};
		3F5BF8C6278EB4C40057BDA4 /* Debug */ = {
			isa = XCBuildConfiguration;
			buildSettings = {
				ASSETCATALOG_COMPILER_APPICON_NAME = AppIcon;
				ASSETCATALOG_COMPILER_GLOBAL_ACCENT_COLOR_NAME = AccentColor;
				CODE_SIGN_STYLE = Automatic;
				CURRENT_PROJECT_VERSION = 1;
				GENERATE_INFOPLIST_FILE = YES;
				INFOPLIST_FILE = yogaappp/Info.plist;
				INFOPLIST_KEY_UIApplicationSupportsIndirectInputEvents = YES;
				INFOPLIST_KEY_UILaunchStoryboardName = LaunchScreen;
				INFOPLIST_KEY_UIMainStoryboardFile = Main;
				INFOPLIST_KEY_UISupportedInterfaceOrientations_iPad = "UIInterfaceOrientationPortrait UIInterfaceOrientationPortraitUpsideDown UIInterfaceOrientationLandscapeLeft UIInterfaceOrientationLandscapeRight";
				INFOPLIST_KEY_UISupportedInterfaceOrientations_iPhone = "UIInterfaceOrientationPortrait UIInterfaceOrientationLandscapeLeft UIInterfaceOrientationLandscapeRight";
				IPHONEOS_DEPLOYMENT_TARGET = 15.0;
				LD_RUNPATH_SEARCH_PATHS = (
					"$(inherited)",
					"@executable_path/Frameworks",
				);
				MARKETING_VERSION = 1.0;
				PRODUCT_BUNDLE_IDENTIFIER = kp11.yogaappp;
				PRODUCT_NAME = "$(TARGET_NAME)";
				SDKROOT = iphoneos;
				SWIFT_EMIT_LOC_STRINGS = YES;
				SWIFT_VERSION = 5.0;
				TARGETED_DEVICE_FAMILY = "1,2";
			};
			name = Debug;
		};
		3F5BF8C7278EB4C40057BDA4 /* Release */ = {
			isa = XCBuildConfiguration;
			buildSettings = {
				ASSETCATALOG_COMPILER_APPICON_NAME = AppIcon;
				ASSETCATALOG_COMPILER_GLOBAL_ACCENT_COLOR_NAME = AccentColor;
				CODE_SIGN_STYLE = Automatic;
				CURRENT_PROJECT_VERSION = 1;
				GENERATE_INFOPLIST_FILE = YES;
				INFOPLIST_FILE = yogaappp/Info.plist;
				INFOPLIST_KEY_UIApplicationSupportsIndirectInputEvents = YES;
				INFOPLIST_KEY_UILaunchStoryboardName = LaunchScreen;
				INFOPLIST_KEY_UIMainStoryboardFile = Main;
				INFOPLIST_KEY_UISupportedInterfaceOrientations_iPad = "UIInterfaceOrientationPortrait UIInterfaceOrientationPortraitUpsideDown UIInterfaceOrientationLandscapeLeft UIInterfaceOrientationLandscapeRight";
				INFOPLIST_KEY_UISupportedInterfaceOrientations_iPhone = "UIInterfaceOrientationPortrait UIInterfaceOrientationLandscapeLeft UIInterfaceOrientationLandscapeRight";
				IPHONEOS_DEPLOYMENT_TARGET = 15.0;
				LD_RUNPATH_SEARCH_PATHS = (
					"$(inherited)",
					"@executable_path/Frameworks",
				);
				MARKETING_VERSION = 1.0;
				PRODUCT_BUNDLE_IDENTIFIER = kp11.yogaappp;
				PRODUCT_NAME = "$(TARGET_NAME)";
				SDKROOT = iphoneos;
				SWIFT_EMIT_LOC_STRINGS = YES;
				SWIFT_VERSION = 5.0;
				TARGETED_DEVICE_FAMILY = "1,2";
				VALIDATE_PRODUCT = YES;
			};
			name = Release;
		};
/* End XCBuildConfiguration section */

/* Begin XCConfigurationList section */
		3F5BF883278EB4C10057BDA4 /* Build configuration list for PBXProject "yogaappp" */ = {
			isa = XCConfigurationList;
			buildConfigurations = (
				3F5BF8BB278EB4C40057BDA4 /* Debug */,
				3F5BF8BC278EB4C40057BDA4 /* Release */,
			);
			defaultConfigurationIsVisible = 0;
			defaultConfigurationName = Release;
		};
		3F5BF8BD278EB4C40057BDA4 /* Build configuration list for PBXNativeTarget "yogaappp WatchKit Extension" */ = {
			isa = XCConfigurationList;
			buildConfigurations = (
				3F5BF8BE278EB4C40057BDA4 /* Debug */,
				3F5BF8BF278EB4C40057BDA4 /* Release */,
			);
			defaultConfigurationIsVisible = 0;
			defaultConfigurationName = Release;
		};
		3F5BF8C1278EB4C40057BDA4 /* Build configuration list for PBXNativeTarget "yogaappp WatchKit App" */ = {
			isa = XCConfigurationList;
			buildConfigurations = (
				3F5BF8C2278EB4C40057BDA4 /* Debug */,
				3F5BF8C3278EB4C40057BDA4 /* Release */,
			);
			defaultConfigurationIsVisible = 0;
			defaultConfigurationName = Release;
		};
		3F5BF8C5278EB4C40057BDA4 /* Build configuration list for PBXNativeTarget "yogaappp" */ = {
			isa = XCConfigurationList;
			buildConfigurations = (
				3F5BF8C6278EB4C40057BDA4 /* Debug */,
				3F5BF8C7278EB4C40057BDA4 /* Release */,
			);
			defaultConfigurationIsVisible = 0;
			defaultConfigurationName = Release;
		};
/* End XCConfigurationList section */
	};
	rootObject = 3F5BF880278EB4C10057BDA4 /* Project object */;
}
